
Microsoft Visual Studio Solution File, Format Version 12.00
# Visual Studio Version 17
VisualStudioVersion = 17.2.32602.215
MinimumVisualStudioVersion = 10.0.40219.1
Project("{2150E333-8FDC-42A3-9474-1A3956D46DE8}") = "src", "src", "{87DDA211-2CA4-4501-8BB4-DEA261FAD9B5}"
EndProject
Project("{2150E333-8FDC-42A3-9474-1A3956D46DE8}") = "test", "test", "{1E565C21-2912-414B-889E-F174752C797B}"
EndProject
Project("{FAE04EC0-301F-11D3-BF4B-00C04F79EFBC}") = "server", "server\server.csproj", "{C9ABB2C1-87BC-438C-87E2-2D9577D55050}"
EndProject
Project("{FAE04EC0-301F-11D3-BF4B-00C04F79EFBC}") = "client", "client\client.csproj", "{88F4607F-90BB-4CBF-9ACF-87A511649757}"
EndProject
Global
	GlobalSection(SolutionConfigurationPlatforms) = preSolution
		Debug|Any CPU = Debug|Any CPU
		Release|Any CPU = Release|Any CPU
	EndGlobalSection
	GlobalSection(ProjectConfigurationPlatforms) = postSolution
		{C9ABB2C1-87BC-438C-87E2-2D9577D55050}.Debug|Any CPU.ActiveCfg = Debug|Any CPU
		{C9ABB2C1-87BC-438C-87E2-2D9577D55050}.Debug|Any CPU.Build.0 = Debug|Any CPU
		{C9ABB2C1-87BC-438C-87E2-2D9577D55050}.Release|Any CPU.ActiveCfg = Release|Any CPU
		{C9ABB2C1-87BC-438C-87E2-2D9577D55050}.Release|Any CPU.Build.0 = Release|Any CPU
		{88F4607F-90BB-4CBF-9ACF-87A511649757}.Debug|Any CPU.ActiveCfg = Debug|Any CPU
		{88F4607F-90BB-4CBF-9ACF-87A511649757}.Debug|Any CPU.Build.0 = Debug|Any CPU
		{88F4607F-90BB-4CBF-9ACF-87A511649757}.Release|Any CPU.ActiveCfg = Release|Any CPU
		{88F4607F-90BB-4CBF-9ACF-87A511649757}.Release|Any CPU.Build.0 = Release|Any CPU
	EndGlobalSection
	GlobalSection(SolutionProperties) = preSolution
		HideSolutionNode = FALSE
	EndGlobalSection
	GlobalSection(NestedProjects) = preSolution
		{C9ABB2C1-87BC-438C-87E2-2D9577D55050} = {87DDA211-2CA4-4501-8BB4-DEA261FAD9B5}
		{88F4607F-90BB-4CBF-9ACF-87A511649757} = {87DDA211-2CA4-4501-8BB4-DEA261FAD9B5}
	EndGlobalSection
	GlobalSection(ExtensibilityGlobals) = postSolution
		SolutionGuid = {2261B7B7-45F0-4C0C-AEA0-75C20556ECCE}
	EndGlobalSection
EndGlobal
